// !$*UTF8*$!
{
	archiveVersion = 1;
	classes = {
	};
	objectVersion = 46;
	objects = {

/* Begin PBXBuildFile section */
		D322E80E1F1754530022EE41 /* main.m in Sources */ = {isa = PBXBuildFile; fileRef = D322E80D1F1754530022EE41 /* main.m */; };
		D322E8111F1754530022EE41 /* AppDelegate.m in Sources */ = {isa = PBXBuildFile; fileRef = D322E8101F1754530022EE41 /* AppDelegate.m */; };
		D322E8141F1754530022EE41 /* ViewController.m in Sources */ = {isa = PBXBuildFile; fileRef = D322E8131F1754530022EE41 /* ViewController.m */; };
		D322E8171F1754530022EE41 /* Main.storyboard in Resources */ = {isa = PBXBuildFile; fileRef = D322E8151F1754530022EE41 /* Main.storyboard */; };
		D322E8191F1754530022EE41 /* Assets.xcassets in Resources */ = {isa = PBXBuildFile; fileRef = D322E8181F1754530022EE41 /* Assets.xcassets */; };
		D322E81C1F1754530022EE41 /* LaunchScreen.storyboard in Resources */ = {isa = PBXBuildFile; fileRef = D322E81A1F1754530022EE41 /* LaunchScreen.storyboard */; };
		D322E8251F1754890022EE41 /* PresentedViewController.m in Sources */ = {isa = PBXBuildFile; fileRef = D322E8241F1754890022EE41 /* PresentedViewController.m */; };
		D322E8281F1775940022EE41 /* UIPanInteractiveTransition.m in Sources */ = {isa = PBXBuildFile; fileRef = D322E8271F1775940022EE41 /* UIPanInteractiveTransition.m */; };
		D352B9561F1C674400D3BBDD /* PushedViewController.m in Sources */ = {isa = PBXBuildFile; fileRef = D352B9551F1C674400D3BBDD /* PushedViewController.m */; };
		D352B9591F1C67C100D3BBDD /* NavigationViewController.m in Sources */ = {isa = PBXBuildFile; fileRef = D352B9581F1C67C100D3BBDD /* NavigationViewController.m */; };
		D352B95C1F1C980A00D3BBDD /* LXModalAninationTransition.m in Sources */ = {isa = PBXBuildFile; fileRef = D352B95B1F1C980A00D3BBDD /* LXModalAninationTransition.m */; };
		D385F7581F1E1A15000D5EF9 /* PushViewController.m in Sources */ = {isa = PBXBuildFile; fileRef = D385F7571F1E1A15000D5EF9 /* PushViewController.m */; };
		D385F75B1F1E271C000D5EF9 /* LXNavigationAnimationTransition.m in Sources */ = {isa = PBXBuildFile; fileRef = D385F75A1F1E271C000D5EF9 /* LXNavigationAnimationTransition.m */; };
		D38962D01F185F5D00372B5F /* MainTableViewController.m in Sources */ = {isa = PBXBuildFile; fileRef = D38962CF1F185F5D00372B5F /* MainTableViewController.m */; };
		D38962D41F1894EA00372B5F /* PresentOneViewController.m in Sources */ = {isa = PBXBuildFile; fileRef = D38962D31F1894EA00372B5F /* PresentOneViewController.m */; };
		D38962D71F18953000372B5F /* PresentedOneViewController.m in Sources */ = {isa = PBXBuildFile; fileRef = D38962D61F18953000372B5F /* PresentedOneViewController.m */; };
		D38962DA1F189A9E00372B5F /* LXInteractiveTransition.m in Sources */ = {isa = PBXBuildFile; fileRef = D38962D91F189A9E00372B5F /* LXInteractiveTransition.m */; };
/* End PBXBuildFile section */

/* Begin PBXFileReference section */
		D322E8091F1754530022EE41 /* TransationVC.app */ = {isa = PBXFileReference; explicitFileType = wrapper.application; includeInIndex = 0; path = TransationVC.app; sourceTree = BUILT_PRODUCTS_DIR; };
		D322E80D1F1754530022EE41 /* main.m */ = {isa = PBXFileReference; lastKnownFileType = sourcecode.c.objc; path = main.m; sourceTree = "<group>"; };
		D322E80F1F1754530022EE41 /* AppDelegate.h */ = {isa = PBXFileReference; lastKnownFileType = sourcecode.c.h; path = AppDelegate.h; sourceTree = "<group>"; };
		D322E8101F1754530022EE41 /* AppDelegate.m */ = {isa = PBXFileReference; lastKnownFileType = sourcecode.c.objc; path = AppDelegate.m; sourceTree = "<group>"; };
		D322E8121F1754530022EE41 /* ViewController.h */ = {isa = PBXFileReference; lastKnownFileType = sourcecode.c.h; path = ViewController.h; sourceTree = "<group>"; };
		D322E8131F1754530022EE41 /* ViewController.m */ = {isa = PBXFileReference; lastKnownFileType = sourcecode.c.objc; path = ViewController.m; sourceTree = "<group>"; };
		D322E8161F1754530022EE41 /* Base */ = {isa = PBXFileReference; lastKnownFileType = file.storyboard; name = Base; path = Base.lproj/Main.storyboard; sourceTree = "<group>"; };
		D322E8181F1754530022EE41 /* Assets.xcassets */ = {isa = PBXFileReference; lastKnownFileType = folder.assetcatalog; path = Assets.xcassets; sourceTree = "<group>"; };
		D322E81B1F1754530022EE41 /* Base */ = {isa = PBXFileReference; lastKnownFileType = file.storyboard; name = Base; path = Base.lproj/LaunchScreen.storyboard; sourceTree = "<group>"; };
		D322E81D1F1754530022EE41 /* Info.plist */ = {isa = PBXFileReference; lastKnownFileType = text.plist.xml; path = Info.plist; sourceTree = "<group>"; };
		D322E8231F1754890022EE41 /* PresentedViewController.h */ = {isa = PBXFileReference; fileEncoding = 4; lastKnownFileType = sourcecode.c.h; path = PresentedViewController.h; sourceTree = "<group>"; };
		D322E8241F1754890022EE41 /* PresentedViewController.m */ = {isa = PBXFileReference; fileEncoding = 4; lastKnownFileType = sourcecode.c.objc; path = PresentedViewController.m; sourceTree = "<group>"; };
		D322E8261F1775940022EE41 /* UIPanInteractiveTransition.h */ = {isa = PBXFileReference; fileEncoding = 4; lastKnownFileType = sourcecode.c.h; path = UIPanInteractiveTransition.h; sourceTree = "<group>"; };
		D322E8271F1775940022EE41 /* UIPanInteractiveTransition.m */ = {isa = PBXFileReference; fileEncoding = 4; lastKnownFileType = sourcecode.c.objc; path = UIPanInteractiveTransition.m; sourceTree = "<group>"; };
		D352B9541F1C674400D3BBDD /* PushedViewController.h */ = {isa = PBXFileReference; fileEncoding = 4; lastKnownFileType = sourcecode.c.h; path = PushedViewController.h; sourceTree = "<group>"; };
		D352B9551F1C674400D3BBDD /* PushedViewController.m */ = {isa = PBXFileReference; fileEncoding = 4; lastKnownFileType = sourcecode.c.objc; path = PushedViewController.m; sourceTree = "<group>"; };
		D352B9571F1C67C100D3BBDD /* NavigationViewController.h */ = {isa = PBXFileReference; fileEncoding = 4; lastKnownFileType = sourcecode.c.h; path = NavigationViewController.h; sourceTree = "<group>"; };
		D352B9581F1C67C100D3BBDD /* NavigationViewController.m */ = {isa = PBXFileReference; fileEncoding = 4; lastKnownFileType = sourcecode.c.objc; path = NavigationViewController.m; sourceTree = "<group>"; };
		D352B95A1F1C980A00D3BBDD /* LXModalAninationTransition.h */ = {isa = PBXFileReference; fileEncoding = 4; lastKnownFileType = sourcecode.c.h; path = LXModalAninationTransition.h; sourceTree = "<group>"; };
		D352B95B1F1C980A00D3BBDD /* LXModalAninationTransition.m */ = {isa = PBXFileReference; fileEncoding = 4; lastKnownFileType = sourcecode.c.objc; path = LXModalAninationTransition.m; sourceTree = "<group>"; };
		D385F7561F1E1A15000D5EF9 /* PushViewController.h */ = {isa = PBXFileReference; fileEncoding = 4; lastKnownFileType = sourcecode.c.h; path = PushViewController.h; sourceTree = "<group>"; };
		D385F7571F1E1A15000D5EF9 /* PushViewController.m */ = {isa = PBXFileReference; fileEncoding = 4; lastKnownFileType = sourcecode.c.objc; path = PushViewController.m; sourceTree = "<group>"; };
		D385F7591F1E271C000D5EF9 /* LXNavigationAnimationTransition.h */ = {isa = PBXFileReference; fileEncoding = 4; lastKnownFileType = sourcecode.c.h; path = LXNavigationAnimationTransition.h; sourceTree = "<group>"; };
		D385F75A1F1E271C000D5EF9 /* LXNavigationAnimationTransition.m */ = {isa = PBXFileReference; fileEncoding = 4; lastKnownFileType = sourcecode.c.objc; path = LXNavigationAnimationTransition.m; sourceTree = "<group>"; };
		D38962CE1F185F5D00372B5F /* MainTableViewController.h */ = {isa = PBXFileReference; fileEncoding = 4; lastKnownFileType = sourcecode.c.h; path = MainTableViewController.h; sourceTree = "<group>"; };
		D38962CF1F185F5D00372B5F /* MainTableViewController.m */ = {isa = PBXFileReference; fileEncoding = 4; lastKnownFileType = sourcecode.c.objc; path = MainTableViewController.m; sourceTree = "<group>"; };
		D38962D21F1894EA00372B5F /* PresentOneViewController.h */ = {isa = PBXFileReference; fileEncoding = 4; lastKnownFileType = sourcecode.c.h; path = PresentOneViewController.h; sourceTree = "<group>"; };
		D38962D31F1894EA00372B5F /* PresentOneViewController.m */ = {isa = PBXFileReference; fileEncoding = 4; lastKnownFileType = sourcecode.c.objc; path = PresentOneViewController.m; sourceTree = "<group>"; };
		D38962D51F18953000372B5F /* PresentedOneViewController.h */ = {isa = PBXFileReference; fileEncoding = 4; lastKnownFileType = sourcecode.c.h; path = PresentedOneViewController.h; sourceTree = "<group>"; };
		D38962D61F18953000372B5F /* PresentedOneViewController.m */ = {isa = PBXFileReference; fileEncoding = 4; lastKnownFileType = sourcecode.c.objc; path = PresentedOneViewController.m; sourceTree = "<group>"; };
		D38962D81F189A9E00372B5F /* LXInteractiveTransition.h */ = {isa = PBXFileReference; fileEncoding = 4; lastKnownFileType = sourcecode.c.h; path = LXInteractiveTransition.h; sourceTree = "<group>"; };
		D38962D91F189A9E00372B5F /* LXInteractiveTransition.m */ = {isa = PBXFileReference; fileEncoding = 4; lastKnownFileType = sourcecode.c.objc; path = LXInteractiveTransition.m; sourceTree = "<group>"; };
/* End PBXFileReference section */

/* Begin PBXFrameworksBuildPhase section */
		D322E8061F1754530022EE41 /* Frameworks */ = {
			isa = PBXFrameworksBuildPhase;
			buildActionMask = 2147483647;
			files = (
			);
			runOnlyForDeploymentPostprocessing = 0;
		};
/* End PBXFrameworksBuildPhase section */

/* Begin PBXGroup section */
		D322E8001F1754530022EE41 = {
			isa = PBXGroup;
			children = (
				D322E80B1F1754530022EE41 /* TransationVC */,
				D322E80A1F1754530022EE41 /* Products */,
			);
			sourceTree = "<group>";
		};
		D322E80A1F1754530022EE41 /* Products */ = {
			isa = PBXGroup;
			children = (
				D322E8091F1754530022EE41 /* TransationVC.app */,
			);
			name = Products;
			sourceTree = "<group>";
		};
		D322E80B1F1754530022EE41 /* TransationVC */ = {
			isa = PBXGroup;
			children = (
				D352B9531F1C670F00D3BBDD /* CoverPush */,
				D322E80F1F1754530022EE41 /* AppDelegate.h */,
				D322E8101F1754530022EE41 /* AppDelegate.m */,
				D38962CE1F185F5D00372B5F /* MainTableViewController.h */,
				D38962CF1F185F5D00372B5F /* MainTableViewController.m */,
				D322E8121F1754530022EE41 /* ViewController.h */,
				D322E8131F1754530022EE41 /* ViewController.m */,
				D322E8261F1775940022EE41 /* UIPanInteractiveTransition.h */,
				D322E8271F1775940022EE41 /* UIPanInteractiveTransition.m */,
				D322E8231F1754890022EE41 /* PresentedViewController.h */,
				D322E8241F1754890022EE41 /* PresentedViewController.m */,
				D38962D81F189A9E00372B5F /* LXInteractiveTransition.h */,
				D38962D91F189A9E00372B5F /* LXInteractiveTransition.m */,
				D38962D11F1894BC00372B5F /* PresentOneController */,
				D322E8151F1754530022EE41 /* Main.storyboard */,
				D322E8181F1754530022EE41 /* Assets.xcassets */,
				D322E81A1F1754530022EE41 /* LaunchScreen.storyboard */,
				D322E81D1F1754530022EE41 /* Info.plist */,
				D322E80C1F1754530022EE41 /* Supporting Files */,
			);
			path = TransationVC;
			sourceTree = "<group>";
		};
		D322E80C1F1754530022EE41 /* Supporting Files */ = {
			isa = PBXGroup;
			children = (
				D322E80D1F1754530022EE41 /* main.m */,
			);
			name = "Supporting Files";
			sourceTree = "<group>";
		};
		D352B9531F1C670F00D3BBDD /* CoverPush */ = {
			isa = PBXGroup;
			children = (
				D352B9541F1C674400D3BBDD /* PushedViewController.h */,
				D352B9551F1C674400D3BBDD /* PushedViewController.m */,
				D352B9571F1C67C100D3BBDD /* NavigationViewController.h */,
				D352B9581F1C67C100D3BBDD /* NavigationViewController.m */,
				D385F7561F1E1A15000D5EF9 /* PushViewController.h */,
				D385F7571F1E1A15000D5EF9 /* PushViewController.m */,
				D385F7591F1E271C000D5EF9 /* LXNavigationAnimationTransition.h */,
				D385F75A1F1E271C000D5EF9 /* LXNavigationAnimationTransition.m */,
			);
			name = CoverPush;
			sourceTree = "<group>";
		};
		D38962D11F1894BC00372B5F /* PresentOneController */ = {
			isa = PBXGroup;
			children = (
				D352B95A1F1C980A00D3BBDD /* LXModalAninationTransition.h */,
				D352B95B1F1C980A00D3BBDD /* LXModalAninationTransition.m */,
				D38962D21F1894EA00372B5F /* PresentOneViewController.h */,
				D38962D31F1894EA00372B5F /* PresentOneViewController.m */,
				D38962D51F18953000372B5F /* PresentedOneViewController.h */,
				D38962D61F18953000372B5F /* PresentedOneViewController.m */,
			);
			name = PresentOneController;
			sourceTree = "<group>";
		};
/* End PBXGroup section */

/* Begin PBXNativeTarget section */
		D322E8081F1754530022EE41 /* TransationVC */ = {
			isa = PBXNativeTarget;
			buildConfigurationList = D322E8201F1754530022EE41 /* Build configuration list for PBXNativeTarget "TransationVC" */;
			buildPhases = (
				D322E8051F1754530022EE41 /* Sources */,
				D322E8061F1754530022EE41 /* Frameworks */,
				D322E8071F1754530022EE41 /* Resources */,
			);
			buildRules = (
			);
			dependencies = (
			);
			name = TransationVC;
			productName = TransationVC;
			productReference = D322E8091F1754530022EE41 /* TransationVC.app */;
			productType = "com.apple.product-type.application";
		};
/* End PBXNativeTarget section */

/* Begin PBXProject section */
		D322E8011F1754530022EE41 /* Project object */ = {
			isa = PBXProject;
			attributes = {
				LastUpgradeCheck = 0820;
				ORGANIZATIONNAME = okdeer;
				TargetAttributes = {
					D322E8081F1754530022EE41 = {
						CreatedOnToolsVersion = 8.2.1;
						DevelopmentTeam = W222R58V26;
						ProvisioningStyle = Automatic;
					};
				};
			};
			buildConfigurationList = D322E8041F1754530022EE41 /* Build configuration list for PBXProject "TransationVC" */;
			compatibilityVersion = "Xcode 3.2";
			developmentRegion = English;
			hasScannedForEncodings = 0;
			knownRegions = (
				en,
				Base,
			);
			mainGroup = D322E8001F1754530022EE41;
			productRefGroup = D322E80A1F1754530022EE41 /* Products */;
			projectDirPath = "";
			projectRoot = "";
			targets = (
				D322E8081F1754530022EE41 /* TransationVC */,
			);
		};
/* End PBXProject section */

/* Begin PBXResourcesBuildPhase section */
		D322E8071F1754530022EE41 /* Resources */ = {
			isa = PBXResourcesBuildPhase;
			buildActionMask = 2147483647;
			files = (
				D322E81C1F1754530022EE41 /* LaunchScreen.storyboard in Resources */,
				D322E8191F1754530022EE41 /* Assets.xcassets in Resources */,
				D322E8171F1754530022EE41 /* Main.storyboard in Resources */,
			);
			runOnlyForDeploymentPostprocessing = 0;
		};
/* End PBXResourcesBuildPhase section */

/* Begin PBXSourcesBuildPhase section */
		D322E8051F1754530022EE41 /* Sources */ = {
			isa = PBXSourcesBuildPhase;
			buildActionMask = 2147483647;
			files = (
				D322E8281F1775940022EE41 /* UIPanInteractiveTransition.m in Sources */,
				D322E8141F1754530022EE41 /* ViewController.m in Sources */,
				D38962D71F18953000372B5F /* PresentedOneViewController.m in Sources */,
				D38962D01F185F5D00372B5F /* MainTableViewController.m in Sources */,
				D38962DA1F189A9E00372B5F /* LXInteractiveTransition.m in Sources */,
				D322E8251F1754890022EE41 /* PresentedViewController.m in Sources */,
				D352B95C1F1C980A00D3BBDD /* LXModalAninationTransition.m in Sources */,
				D385F7581F1E1A15000D5EF9 /* PushViewController.m in Sources */,
				D322E8111F1754530022EE41 /* AppDelegate.m in Sources */,
				D38962D41F1894EA00372B5F /* PresentOneViewController.m in Sources */,
				D322E80E1F1754530022EE41 /* main.m in Sources */,
				D385F75B1F1E271C000D5EF9 /* LXNavigationAnimationTransition.m in Sources */,
				D352B9561F1C674400D3BBDD /* PushedViewController.m in Sources */,
				D352B9591F1C67C100D3BBDD /* NavigationViewController.m in Sources */,
			);
			runOnlyForDeploymentPostprocessing = 0;
		};
/* End PBXSourcesBuildPhase section */

/* Begin PBXVariantGroup section */
		D322E8151F1754530022EE41 /* Main.storyboard */ = {
			isa = PBXVariantGroup;
			children = (
				D322E8161F1754530022EE41 /* Base */,
			);
			name = Main.storyboard;
			sourceTree = "<group>";
		};
		D322E81A1F1754530022EE41 /* LaunchScreen.storyboard */ = {
			isa = PBXVariantGroup;
			children = (
				D322E81B1F1754530022EE41 /* Base */,
			);
			name = LaunchScreen.storyboard;
			sourceTree = "<group>";
		};
/* End PBXVariantGroup section */

/* Begin XCBuildConfiguration section */
		D322E81E1F1754530022EE41 /* Debug */ = {
			isa = XCBuildConfiguration;
			buildSettings = {
				ALWAYS_SEARCH_USER_PATHS = NO;
				CLANG_ANALYZER_NONNULL = YES;
				CLANG_CXX_LANGUAGE_STANDARD = "gnu++0x";
				CLANG_CXX_LIBRARY = "libc++";
				CLANG_ENABLE_MODULES = YES;
				CLANG_ENABLE_OBJC_ARC = YES;
				CLANG_WARN_BOOL_CONVERSION = YES;
				CLANG_WARN_CONSTANT_CONVERSION = YES;
				CLANG_WARN_DIRECT_OBJC_ISA_USAGE = YES_ERROR;
				CLANG_WARN_DOCUMENTATION_COMMENTS = YES;
				CLANG_WARN_EMPTY_BODY = YES;
				CLANG_WARN_ENUM_CONVERSION = YES;
				CLANG_WARN_INFINITE_RECURSION = YES;
				CLANG_WARN_INT_CONVERSION = YES;
				CLANG_WARN_OBJC_ROOT_CLASS = YES_ERROR;
				CLANG_WARN_SUSPICIOUS_MOVE = YES;
				CLANG_WARN_UNREACHABLE_CODE = YES;
				CLANG_WARN__DUPLICATE_METHOD_MATCH = YES;
				"CODE_SIGN_IDENTITY[sdk=iphoneos*]" = "iPhone Developer";
				COPY_PHASE_STRIP = NO;
				DEBUG_INFORMATION_FORMAT = dwarf;
				ENABLE_STRICT_OBJC_MSGSEND = YES;
				ENABLE_TESTABILITY = YES;
				GCC_C_LANGUAGE_STANDARD = gnu99;
				GCC_DYNAMIC_NO_PIC = NO;
				GCC_NO_COMMON_BLOCKS = YES;
				GCC_OPTIMIZATION_LEVEL = 0;
				GCC_PREPROCESSOR_DEFINITIONS = (
					"DEBUG=1",
					"$(inherited)",
				);
				GCC_WARN_64_TO_32_BIT_CONVERSION = YES;
				GCC_WARN_ABOUT_RETURN_TYPE = YES_ERROR;
				GCC_WARN_UNDECLARED_SELECTOR = YES;
				GCC_WARN_UNINITIALIZED_AUTOS = YES_AGGRESSIVE;
				GCC_WARN_UNUSED_FUNCTION = YES;
				GCC_WARN_UNUSED_VARIABLE = YES;
				IPHONEOS_DEPLOYMENT_TARGET = 10.2;
				MTL_ENABLE_DEBUG_INFO = YES;
				ONLY_ACTIVE_ARCH = YES;
				SDKROOT = iphoneos;
			};
			name = Debug;
		};
		D322E81F1F1754530022EE41 /* Release */ = {
			isa = XCBuildConfiguration;
			buildSettings = {
				ALWAYS_SEARCH_USER_PATHS = NO;
				CLANG_ANALYZER_NONNULL = YES;
				CLANG_CXX_LANGUAGE_STANDARD = "gnu++0x";
				CLANG_CXX_LIBRARY = "libc++";
				CLANG_ENABLE_MODULES = YES;
				CLANG_ENABLE_OBJC_ARC = YES;
				CLANG_WARN_BOOL_CONVERSION = YES;
				CLANG_WARN_CONSTANT_CONVERSION = YES;
				CLANG_WARN_DIRECT_OBJC_ISA_USAGE = YES_ERROR;
				CLANG_WARN_DOCUMENTATION_COMMENTS = YES;
				CLANG_WARN_EMPTY_BODY = YES;
				CLANG_WARN_ENUM_CONVERSION = YES;
				CLANG_WARN_INFINITE_RECURSION = YES;
				CLANG_WARN_INT_CONVERSION = YES;
				CLANG_WARN_OBJC_ROOT_CLASS = YES_ERROR;
				CLANG_WARN_SUSPICIOUS_MOVE = YES;
				CLANG_WARN_UNREACHABLE_CODE = YES;
				CLANG_WARN__DUPLICATE_METHOD_MATCH = YES;
				"CODE_SIGN_IDENTITY[sdk=iphoneos*]" = "iPhone Developer";
				COPY_PHASE_STRIP = NO;
				DEBUG_INFORMATION_FORMAT = "dwarf-with-dsym";
				ENABLE_NS_ASSERTIONS = NO;
				ENABLE_STRICT_OBJC_MSGSEND = YES;
				GCC_C_LANGUAGE_STANDARD = gnu99;
				GCC_NO_COMMON_BLOCKS = YES;
				GCC_WARN_64_TO_32_BIT_CONVERSION = YES;
				GCC_WARN_ABOUT_RETURN_TYPE = YES_ERROR;
				GCC_WARN_UNDECLARED_SELECTOR = YES;
				GCC_WARN_UNINITIALIZED_AUTOS = YES_AGGRESSIVE;
				GCC_WARN_UNUSED_FUNCTION = YES;
				GCC_WARN_UNUSED_VARIABLE = YES;
				IPHONEOS_DEPLOYMENT_TARGET = 10.2;
				MTL_ENABLE_DEBUG_INFO = NO;
				SDKROOT = iphoneos;
				VALIDATE_PRODUCT = YES;
			};
			name = Release;
		};
		D322E8211F1754530022EE41 /* Debug */ = {
			isa = XCBuildConfiguration;
			buildSettings = {
				ASSETCATALOG_COMPILER_APPICON_NAME = AppIcon;
				DEVELOPMENT_TEAM = W222R58V26;
				INFOPLIST_FILE = TransationVC/Info.plist;
				IPHONEOS_DEPLOYMENT_TARGET = 8.0;
				LD_RUNPATH_SEARCH_PATHS = "$(inherited) @executable_path/Frameworks";
				PRODUCT_BUNDLE_IDENTIFIER = com.okdeer.TransationVC;
				PRODUCT_NAME = "$(TARGET_NAME)";
			};
			name = Debug;
		};
		D322E8221F1754530022EE41 /* Release */ = {
			isa = XCBuildConfiguration;
			buildSettings = {
				ASSETCATALOG_COMPILER_APPICON_NAME = AppIcon;
				DEVELOPMENT_TEAM = W222R58V26;
				INFOPLIST_FILE = TransationVC/Info.plist;
				IPHONEOS_DEPLOYMENT_TARGET = 8.0;
				LD_RUNPATH_SEARCH_PATHS = "$(inherited) @executable_path/Frameworks";
				PRODUCT_BUNDLE_IDENTIFIER = com.okdeer.TransationVC;
				PRODUCT_NAME = "$(TARGET_NAME)";
			};
			name = Release;
		};
/* End XCBuildConfiguration section */

/* Begin XCConfigurationList section */
		D322E8041F1754530022EE41 /* Build configuration list for PBXProject "TransationVC" */ = {
			isa = XCConfigurationList;
			buildConfigurations = (
				D322E81E1F1754530022EE41 /* Debug */,
				D322E81F1F1754530022EE41 /* Release */,
			);
			defaultConfigurationIsVisible = 0;
			defaultConfigurationName = Release;
		};
		D322E8201F1754530022EE41 /* Build configuration list for PBXNativeTarget "TransationVC" */ = {
			isa = XCConfigurationList;
			buildConfigurations = (
				D322E8211F1754530022EE41 /* Debug */,
				D322E8221F1754530022EE41 /* Release */,
			);
			defaultConfigurationIsVisible = 0;
			defaultConfigurationName = Release;
		};
/* End XCConfigurationList section */
	};
	rootObject = D322E8011F1754530022EE41 /* Project object */;
}
